
Microsoft Visual Studio Solution File, Format Version 12.00
# Visual Studio 2012
Project("{8BC9CEB8-8B4A-11D0-8D11-00A0C91BC942}") = "FiveChess", "FiveChess\FiveChess.vcxproj", "{DD82D755-AC30-451F-8459-AA1F6AD0E91F}"
EndProject
Global
	GlobalSection(SolutionConfigurationPlatforms) = preSolution
		Debug|Win32 = Debug|Win32
		Release|Win32 = Release|Win32
	EndGlobalSection
	GlobalSection(ProjectConfigurationPlatforms) = postSolution
		{DD82D755-AC30-451F-8459-AA1F6AD0E91F}.Debug|Win32.ActiveCfg = Debug|Win32
		{DD82D755-AC30-451F-8459-AA1F6AD0E91F}.Debug|Win32.Build.0 = Debug|Win32
		{DD82D755-AC30-451F-8459-AA1F6AD0E91F}.Release|Win32.ActiveCfg = Release|Win32
		{DD82D755-AC30-451F-8459-AA1F6AD0E91F}.Release|Win32.Build.0 = Release|Win32
	EndGlobalSection
	GlobalSection(SolutionProperties) = preSolution
		HideSolutionNode = FALSE
	EndGlobalSection
EndGlobal
